<?xml version="1.0" encoding="utf-8"?>
<Project ToolsVersion="4.0" xmlns="http://schemas.microsoft.com/developer/msbuild/2003">
  <ItemGroup>
    <Filter Include="Configuration">
      <UniqueIdentifier>{3ceab430-1c37-4086-9019-31cc885dd1b6}</UniqueIdentifier>
    </Filter>
    <Filter Include="Connection">
      <UniqueIdentifier>{141f19d0-b99a-489a-8871-97bdb6db4f5c}</UniqueIdentifier>
    </Filter>
    <Filter Include="Data Structures">
      <UniqueIdentifier>{450fb522-4e7d-4db6-9a62-c199384163ca}</UniqueIdentifier>
    </Filter>
    <Filter Include="Data Structures\Data Provider">
      <UniqueIdentifier>{87342cf5-a5b4-41e1-a5cc-254699ab7d5e}</UniqueIdentifier>
    </Filter>
    <Filter Include="Data Loading">
      <UniqueIdentifier>{83919201-7757-496d-93bd-b76823bcb5ab}</UniqueIdentifier>
    </Filter>
    <Filter Include="Data Loading\MCDB">
      <UniqueIdentifier>{5612baa9-cd7e-42ec-8dfd-b614c568bf29}</UniqueIdentifier>
    </Filter>
    <Filter Include="Database">
      <UniqueIdentifier>{7f88f4c5-3611-4887-871c-3defe2bced64}</UniqueIdentifier>
    </Filter>
    <Filter Include="Game Constants">
      <UniqueIdentifier>{29b0530c-2642-4ae6-9118-6a284e250b78}</UniqueIdentifier>
    </Filter>
    <Filter Include="Inter-Server">
      <UniqueIdentifier>{ee05f7d7-a4e3-43c8-a447-243f43321d17}</UniqueIdentifier>
    </Filter>
    <Filter Include="Lib">
      <UniqueIdentifier>{535f2c2a-4a21-4fd2-93c0-ca6d3e13da45}</UniqueIdentifier>
    </Filter>
    <Filter Include="Loggers">
      <UniqueIdentifier>{fe600ed3-a39e-4c75-9cfd-9836aff52806}</UniqueIdentifier>
    </Filter>
    <Filter Include="Packets">
      <UniqueIdentifier>{1a4cf086-e5e2-4c4c-9f20-97d3a449c143}</UniqueIdentifier>
    </Filter>
    <Filter Include="Timer">
      <UniqueIdentifier>{ba915691-350f-47c6-9ed5-324e433bbc1e}</UniqueIdentifier>
    </Filter>
    <Filter Include="Utilities">
      <UniqueIdentifier>{5f4db1cc-5069-40bd-b5d3-c03db8af0732}</UniqueIdentifier>
    </Filter>
    <Filter Include="Packets\Headers">
      <UniqueIdentifier>{3fb5cdff-e02c-4539-a3e4-a39004b525ab}</UniqueIdentifier>
    </Filter>
    <Filter Include="Scripting">
      <UniqueIdentifier>{85f3d2b9-0abc-48fd-859b-b64510037e12}</UniqueIdentifier>
    </Filter>
    <Filter Include="Data Structures\Buffs">
      <UniqueIdentifier>{5a37ba2d-f8d3-41ff-a03e-3d544f0867f9}</UniqueIdentifier>
    </Filter>
    <Filter Include="Data Structures\Geometry">
      <UniqueIdentifier>{eaf70071-4599-44a6-b113-02ac270b0bdf}</UniqueIdentifier>
    </Filter>
    <Filter Include="Data Structures\Time">
      <UniqueIdentifier>{ab3f74f9-bf9f-47be-8625-57e2444990b6}</UniqueIdentifier>
    </Filter>
    <Filter Include="Encryption">
      <UniqueIdentifier>{258bcd9b-a4e1-4dd1-b4bd-a1bcfe942d61}</UniqueIdentifier>
    </Filter>
  </ItemGroup>
  <ItemGroup>
    <ClCompile Include="src\common\buff_data_provider.cpp">
      <Filter>Data Loading</Filter>
    </ClCompile>
    <ClCompile Include="src\common\initialize_common.cpp">
      <Filter>Data Loading</Filter>
    </ClCompile>
    <ClCompile Include="src\common\database_temp.cpp">
      <Filter>Database</Filter>
    </ClCompile>
    <ClCompile Include="src\common\packet_reader.cpp">
      <Filter>Packets</Filter>
    </ClCompile>
    <ClCompile Include="src\common\file_utilities.cpp">
      <Filter>Utilities</Filter>
    </ClCompile>
    <ClCompile Include="src\common\randomizer_temp.cpp">
      <Filter>Utilities</Filter>
    </ClCompile>
    <ClCompile Include="src\common\string_utilities.cpp">
      <Filter>Utilities</Filter>
    </ClCompile>
    <ClCompile Include="src\common\time_utilities.cpp">
      <Filter>Utilities</Filter>
    </ClCompile>
    <ClCompile Include="src\common\connection_manager.cpp">
      <Filter>Connection</Filter>
    </ClCompile>
    <ClCompile Include="src\common\variables_temp.cpp">
      <Filter>Data Structures</Filter>
    </ClCompile>
    <ClCompile Include="src\common\beauty_data_provider.cpp">
      <Filter>Data Loading\MCDB</Filter>
    </ClCompile>
    <ClCompile Include="src\common\drop_data_provider.cpp">
      <Filter>Data Loading\MCDB</Filter>
    </ClCompile>
    <ClCompile Include="src\common\equip_data_provider.cpp">
      <Filter>Data Loading\MCDB</Filter>
    </ClCompile>
    <ClCompile Include="src\common\item_data_provider.cpp">
      <Filter>Data Loading\MCDB</Filter>
    </ClCompile>
    <ClCompile Include="src\common\mob_data_provider.cpp">
      <Filter>Data Loading\MCDB</Filter>
    </ClCompile>
    <ClCompile Include="src\common\npc_data_provider.cpp">
      <Filter>Data Loading\MCDB</Filter>
    </ClCompile>
    <ClCompile Include="src\common\quest_data_provider.cpp">
      <Filter>Data Loading\MCDB</Filter>
    </ClCompile>
    <ClCompile Include="src\common\reactor_data_provider.cpp">
      <Filter>Data Loading\MCDB</Filter>
    </ClCompile>
    <ClCompile Include="src\common\script_data_provider.cpp">
      <Filter>Data Loading\MCDB</Filter>
    </ClCompile>
    <ClCompile Include="src\common\shop_data_provider.cpp">
      <Filter>Data Loading\MCDB</Filter>
    </ClCompile>
    <ClCompile Include="src\common\skill_data_provider.cpp">
      <Filter>Data Loading\MCDB</Filter>
    </ClCompile>
    <ClCompile Include="src\common\valid_char_data_provider.cpp">
      <Filter>Data Loading\MCDB</Filter>
    </ClCompile>
    <ClCompile Include="src\common\item_temp.cpp">
      <Filter>Data Structures</Filter>
    </ClCompile>
    <ClCompile Include="src\common\console_logger.cpp">
      <Filter>Loggers</Filter>
    </ClCompile>
    <ClCompile Include="src\common\file_logger.cpp">
      <Filter>Loggers</Filter>
    </ClCompile>
    <ClCompile Include="src\common\logger_temp.cpp">
      <Filter>Loggers</Filter>
    </ClCompile>
    <ClCompile Include="src\common\sql_logger.cpp">
      <Filter>Loggers</Filter>
    </ClCompile>
    <ClCompile Include="src\common\timer_temp.cpp">
      <Filter>Timer</Filter>
    </ClCompile>
    <ClCompile Include="src\common\timer_container.cpp">
      <Filter>Timer</Filter>
    </ClCompile>
    <ClCompile Include="src\common\timer_thread.cpp">
      <Filter>Timer</Filter>
    </ClCompile>
    <ClCompile Include="src\common\authentication_packet.cpp">
      <Filter>Inter-Server</Filter>
    </ClCompile>
    <ClCompile Include="src\common\decoder_temp.cpp">
      <Filter>Connection</Filter>
    </ClCompile>
    <ClCompile Include="src\common\session_temp.cpp">
      <Filter>Connection</Filter>
    </ClCompile>
    <ClCompile Include="src\common\decoder_temp.cpp">
      <Filter>Source\Connection</Filter>
    </ClCompile>
    <ClCompile Include="src\common\quest_temp.cpp">
      <Filter>Data Structures</Filter>
    </ClCompile>
    <ClCompile Include="src\common\tausworthe_generator.cpp">
      <Filter>Utilities</Filter>
    </ClCompile>
    <ClCompile Include="src\common\curse_data_provider.cpp">
      <Filter>Data Loading\MCDB</Filter>
    </ClCompile>
    <ClCompile Include="src\common\config_file.cpp">
      <Filter>Configuration</Filter>
    </ClCompile>
    <ClCompile Include="src\common\mysql_query_parser.cpp">
      <Filter>Database</Filter>
    </ClCompile>
    <ClCompile Include="src\common\database_updater.cpp">
      <Filter>Database</Filter>
    </ClCompile>
    <ClCompile Include="src\common\abstract_server.cpp">
      <Filter>Connection</Filter>
    </ClCompile>
    <ClCompile Include="src\common\precompiled_header.cpp" />
    <ClCompile Include="src\common\ip_temp.cpp">
      <Filter>Connection</Filter>
    </ClCompile>
    <ClCompile Include="src\common\external_ip.cpp">
      <Filter>Connection</Filter>
    </ClCompile>
    <ClCompile Include="src\common\client_ip.cpp">
      <Filter>Connection</Filter>
    </ClCompile>
    <ClCompile Include="src\common\external_ip_resolver.cpp">
      <Filter>Connection</Filter>
    </ClCompile>
    <ClCompile Include="src\common\packet_builder.cpp">
      <Filter>Packets</Filter>
    </ClCompile>
    <ClCompile Include="src\common\lua_environment.cpp">
      <Filter>Scripting</Filter>
    </ClCompile>
    <ClCompile Include="src\common\exit_codes.cpp" />
    <ClCompile Include="src\common\vana_main.cpp" />
    <ClCompile Include="src\common\buff_temp.cpp">
      <Filter>Data Structures\Buffs</Filter>
    </ClCompile>
    <ClCompile Include="src\common\buff_info.cpp">
      <Filter>Data Structures\Buffs</Filter>
    </ClCompile>
    <ClCompile Include="src\common\buff_source.cpp">
      <Filter>Data Structures\Buffs</Filter>
    </ClCompile>
    <ClCompile Include="src\common\line_temp.cpp">
      <Filter>Data Structures\Geometry</Filter>
    </ClCompile>
    <ClCompile Include="src\common\rect_temp.cpp">
      <Filter>Data Structures\Geometry</Filter>
    </ClCompile>
    <ClCompile Include="src\common\buff_map_info.cpp">
      <Filter>Data Structures\Buffs</Filter>
    </ClCompile>
    <ClCompile Include="src\common\file_time.cpp">
      <Filter>Data Structures\Time</Filter>
    </ClCompile>
    <ClCompile Include="src\common\hash_utilities.cpp">
      <Filter>Encryption</Filter>
    </ClCompile>
    <ClCompile Include="src\common\lua_variant.cpp">
      <Filter>Scripting</Filter>
    </ClCompile>
    <ClCompile Include="src\common\salt_transformation_config.cpp">
      <Filter>Configuration</Filter>
    </ClCompile>
    <ClCompile Include="src\common\password_transformation_config.cpp">
      <Filter>Configuration</Filter>
    </ClCompile>
    <ClCompile Include="src\common\point_temp.cpp">
      <Filter>Data Structures\Geometry</Filter>
    </ClCompile>
    <ClCompile Include="src\common\ratio_temp.cpp">
      <Filter>Data Structures\Geometry</Filter>
    </ClCompile>
    <ClCompile Include="src\common\thread_pool.cpp">
      <Filter>Utilities</Filter>
    </ClCompile>
    <ClCompile Include="src\common\encrypted_packet_transformer.cpp">
      <Filter>Encryption</Filter>
    </ClCompile>
    <ClCompile Include="src\common\block_cipher_iv.cpp">
      <Filter>Encryption</Filter>
    </ClCompile>
    <ClCompile Include="src\common\connection_listener.cpp">
      <Filter>Connection</Filter>
    </ClCompile>
    <ClCompile Include="src\common\packet_transformer.cpp">
      <Filter>Encryption</Filter>
    </ClCompile>
    <ClCompile Include="src\common\common_packet.cpp">
      <Filter>Packets</Filter>
    </ClCompile>
    <ClCompile Include="src\common\server_accepted_session.cpp">
      <Filter>Connection</Filter>
    </ClCompile>
    <ClCompile Include="src\common\packet_handler.cpp">
      <Filter>Connection</Filter>
    </ClCompile>
  </ItemGroup>
  <ItemGroup>
    <ClInclude Include="src\common\game_constants.hpp">
      <Filter>Game Constants</Filter>
    </ClInclude>
    <ClInclude Include="src\common\item_constants.hpp">
      <Filter>Game Constants</Filter>
    </ClInclude>
    <ClInclude Include="src\common\map_constants.hpp">
      <Filter>Game Constants</Filter>
    </ClInclude>
    <ClInclude Include="src\common\mob_constants.hpp">
      <Filter>Game Constants</Filter>
    </ClInclude>
    <ClInclude Include="src\common\skill_constants.hpp">
      <Filter>Game Constants</Filter>
    </ClInclude>
    <ClInclude Include="src\common\file_utilities.hpp">
      <Filter>Utilities</Filter>
    </ClInclude>
    <ClInclude Include="src\common\time_utilities.hpp">
      <Filter>Utilities</Filter>
    </ClInclude>
    <ClInclude Include="src\common\game_logic_utilities.hpp">
      <Filter>Utilities</Filter>
    </ClInclude>
    <ClInclude Include="src\common\misc_utilities.hpp">
      <Filter>Utilities</Filter>
    </ClInclude>
    <ClInclude Include="src\common\randomizer_temp.hpp">
      <Filter>Utilities</Filter>
    </ClInclude>
    <ClInclude Include="src\common\string_utilities.hpp">
      <Filter>Utilities</Filter>
    </ClInclude>
    <ClInclude Include="src\common\packet_reader.hpp">
      <Filter>Packets</Filter>
    </ClInclude>
    <ClInclude Include="src\common\console_logger.hpp">
      <Filter>Loggers</Filter>
    </ClInclude>
    <ClInclude Include="src\common\sql_logger.hpp">
      <Filter>Loggers</Filter>
    </ClInclude>
    <ClInclude Include="src\common\file_logger.hpp">
      <Filter>Loggers</Filter>
    </ClInclude>
    <ClInclude Include="src\common\logger_temp.hpp">
      <Filter>Loggers</Filter>
    </ClInclude>
    <ClInclude Include="src\common\database_temp.hpp">
      <Filter>Database</Filter>
    </ClInclude>
    <ClInclude Include="src\common\beauty_data_provider.hpp">
      <Filter>Data Loading\MCDB</Filter>
    </ClInclude>
    <ClInclude Include="src\common\valid_char_data_provider.hpp">
      <Filter>Data Loading\MCDB</Filter>
    </ClInclude>
    <ClInclude Include="src\common\drop_data_provider.hpp">
      <Filter>Data Loading\MCDB</Filter>
    </ClInclude>
    <ClInclude Include="src\common\equip_data_provider.hpp">
      <Filter>Data Loading\MCDB</Filter>
    </ClInclude>
    <ClInclude Include="src\common\item_data_provider.hpp">
      <Filter>Data Loading\MCDB</Filter>
    </ClInclude>
    <ClInclude Include="src\common\mob_data_provider.hpp">
      <Filter>Data Loading\MCDB</Filter>
    </ClInclude>
    <ClInclude Include="src\common\npc_data_provider.hpp">
      <Filter>Data Loading\MCDB</Filter>
    </ClInclude>
    <ClInclude Include="src\common\quest_data_provider.hpp">
      <Filter>Data Loading\MCDB</Filter>
    </ClInclude>
    <ClInclude Include="src\common\reactor_data_provider.hpp">
      <Filter>Data Loading\MCDB</Filter>
    </ClInclude>
    <ClInclude Include="src\common\script_data_provider.hpp">
      <Filter>Data Loading\MCDB</Filter>
    </ClInclude>
    <ClInclude Include="src\common\shop_data_provider.hpp">
      <Filter>Data Loading\MCDB</Filter>
    </ClInclude>
    <ClInclude Include="src\common\skill_data_provider.hpp">
      <Filter>Data Loading\MCDB</Filter>
    </ClInclude>
    <ClInclude Include="src\common\buff_data_provider.hpp">
      <Filter>Data Loading</Filter>
    </ClInclude>
    <ClInclude Include="src\common\initialize_common.hpp">
      <Filter>Data Loading</Filter>
    </ClInclude>
    <ClInclude Include="src\common\variables_temp.hpp">
      <Filter>Data Structures</Filter>
    </ClInclude>
    <ClInclude Include="src\common\item_temp.hpp">
      <Filter>Data Structures</Filter>
    </ClInclude>
    <ClInclude Include="src\common\connection_manager.hpp">
      <Filter>Connection</Filter>
    </ClInclude>
    <ClInclude Include="src\common\timer_temp.hpp">
      <Filter>Timer</Filter>
    </ClInclude>
    <ClInclude Include="src\common\timer_container.hpp">
      <Filter>Timer</Filter>
    </ClInclude>
    <ClInclude Include="src\common\timer_id.hpp">
      <Filter>Timer</Filter>
    </ClInclude>
    <ClInclude Include="src\common\timer_thread.hpp">
      <Filter>Timer</Filter>
    </ClInclude>
    <ClInclude Include="src\common\inter_helper.hpp">
      <Filter>Inter-Server</Filter>
    </ClInclude>
    <ClInclude Include="src\common\authentication_packet.hpp">
      <Filter>Inter-Server</Filter>
    </ClInclude>
    <ClInclude Include="src\common\combo_loggers.hpp">
      <Filter>Loggers</Filter>
    </ClInclude>
    <ClInclude Include="src\common\bit_utilities.hpp">
      <Filter>Utilities</Filter>
    </ClInclude>
    <ClInclude Include="src\common\decoder_temp.hpp">
      <Filter>Connection</Filter>
    </ClInclude>
    <ClInclude Include="src\common\session_temp.hpp">
      <Filter>Connection</Filter>
    </ClInclude>
    <ClInclude Include="src\common\decoder_temp.hpp">
      <Filter>Source\Connection</Filter>
    </ClInclude>
    <ClInclude Include="src\common\quest_temp.hpp">
      <Filter>Data Structures</Filter>
    </ClInclude>
    <ClInclude Include="src\common\tausworthe_generator.hpp">
      <Filter>Utilities</Filter>
    </ClInclude>
    <ClInclude Include="src\common\hash_combine.hpp">
      <Filter>Lib</Filter>
    </ClInclude>
    <ClInclude Include="src\common\shared_array.hpp">
      <Filter>Lib</Filter>
    </ClInclude>
    <ClInclude Include="src\common\tokenizer.hpp">
      <Filter>Lib</Filter>
    </ClInclude>
    <ClInclude Include="src\common\optional.hpp">
      <Filter>Lib</Filter>
    </ClInclude>
    <ClInclude Include="src\common\soci_extensions.hpp">
      <Filter>Lib</Filter>
    </ClInclude>
    <ClInclude Include="src\common\job_constants.hpp">
      <Filter>Game Constants</Filter>
    </ClInclude>
    <ClInclude Include="src\common\curse_data_provider.hpp">
      <Filter>Data Loading\MCDB</Filter>
    </ClInclude>
    <ClInclude Include="src\common\config_file.hpp">
      <Filter>Configuration</Filter>
    </ClInclude>
    <ClInclude Include="src\common\mysql_query_parser.hpp">
      <Filter>Database</Filter>
    </ClInclude>
    <ClInclude Include="src\common\database_updater.hpp">
      <Filter>Database</Filter>
    </ClInclude>
    <ClInclude Include="src\common\abstract_server.hpp">
      <Filter>Connection</Filter>
    </ClInclude>
    <ClInclude Include="src\common\i_packet.hpp">
      <Filter>Packets</Filter>
    </ClInclude>
    <ClInclude Include="src\common\exit_codes.hpp" />
    <ClInclude Include="src\common\precompiled_header.hpp" />
    <ClInclude Include="src\common\types_temp.hpp" />
    <ClInclude Include="src\common\ip_temp.hpp">
      <Filter>Connection</Filter>
    </ClInclude>
    <ClInclude Include="src\common\external_ip.hpp">
      <Filter>Connection</Filter>
    </ClInclude>
    <ClInclude Include="src\common\client_ip.hpp">
      <Filter>Connection</Filter>
    </ClInclude>
    <ClInclude Include="src\common\inter_header.hpp">
      <Filter>Packets\Headers</Filter>
    </ClInclude>
    <ClInclude Include="src\common\external_ip_resolver.hpp">
      <Filter>Connection</Filter>
    </ClInclude>
    <ClInclude Include="src\common\stop_watch.hpp">
      <Filter>Utilities</Filter>
    </ClInclude>
    <ClInclude Include="src\common\make_unique.hpp">
      <Filter>Lib</Filter>
    </ClInclude>
    <ClInclude Include="src\common\case_insensitive_hash.hpp">
      <Filter>Utilities</Filter>
    </ClInclude>
    <ClInclude Include="src\common\case_insensitive_equals.hpp">
      <Filter>Utilities</Filter>
    </ClInclude>
    <ClInclude Include="src\common\timer_container_holder.hpp">
      <Filter>Timer</Filter>
    </ClInclude>
    <ClInclude Include="src\common\vana_main.hpp" />
    <ClInclude Include="src\common\algorithm_temp.hpp">
      <Filter>Lib</Filter>
    </ClInclude>
    <ClInclude Include="src\common\packet_builder.hpp">
      <Filter>Packets</Filter>
    </ClInclude>
    <ClInclude Include="src\common\packet_wrapper.hpp">
      <Filter>Packets</Filter>
    </ClInclude>
    <ClInclude Include="src\common\split_packet_builder.hpp">
      <Filter>Packets</Filter>
    </ClInclude>
    <ClInclude Include="src\common\lua_environment.hpp">
      <Filter>Scripting</Filter>
    </ClInclude>
    <ClInclude Include="src\common\timer_type.hpp">
      <Filter>Timer</Filter>
    </ClInclude>
    <ClInclude Include="src\common\common_header.hpp">
      <Filter>Packets\Headers</Filter>
    </ClInclude>
    <ClInclude Include="src\common\id_pool.hpp">
      <Filter>Utilities</Filter>
    </ClInclude>
    <ClInclude Include="src\common\id_looper.hpp">
      <Filter>Utilities</Filter>
    </ClInclude>
    <ClInclude Include="src\common\object_pool.hpp">
      <Filter>Utilities</Filter>
    </ClInclude>
    <ClInclude Include="src\common\buff_temp.hpp">
      <Filter>Data Structures\Buffs</Filter>
    </ClInclude>
    <ClInclude Include="src\common\buff_action.hpp">
      <Filter>Data Structures\Buffs</Filter>
    </ClInclude>
    <ClInclude Include="src\common\buff_info.hpp">
      <Filter>Data Structures\Buffs</Filter>
    </ClInclude>
    <ClInclude Include="src\common\buff_skill_value.hpp">
      <Filter>Data Structures\Buffs</Filter>
    </ClInclude>
    <ClInclude Include="src\common\buff_source_type.hpp">
      <Filter>Data Structures\Buffs</Filter>
    </ClInclude>
    <ClInclude Include="src\common\buff_source.hpp">
      <Filter>Data Structures\Buffs</Filter>
    </ClInclude>
    <ClInclude Include="src\common\line_temp.hpp">
      <Filter>Data Structures\Geometry</Filter>
    </ClInclude>
    <ClInclude Include="src\common\point_temp.hpp">
      <Filter>Data Structures\Geometry</Filter>
    </ClInclude>
    <ClInclude Include="src\common\rect_temp.hpp">
      <Filter>Data Structures\Geometry</Filter>
    </ClInclude>
    <ClInclude Include="src\common\wide_point.hpp">
      <Filter>Data Structures\Geometry</Filter>
    </ClInclude>
    <ClInclude Include="src\common\buff_info_by_effect.hpp">
      <Filter>Data Structures\Buffs</Filter>
    </ClInclude>
    <ClInclude Include="src\common\buff_map_info.hpp">
      <Filter>Data Structures\Buffs</Filter>
    </ClInclude>
    <ClInclude Include="src\common\unix_time.hpp">
      <Filter>Data Structures\Time</Filter>
    </ClInclude>
    <ClInclude Include="src\common\file_time.hpp">
      <Filter>Data Structures\Time</Filter>
    </ClInclude>
    <ClInclude Include="src\common\hash_utilities.hpp">
      <Filter>Encryption</Filter>
    </ClInclude>
    <ClInclude Include="src\common\salt_leftover_policy.hpp">
      <Filter>Encryption</Filter>
    </ClInclude>
    <ClInclude Include="src\common\salt_modify_policy.hpp">
      <Filter>Encryption</Filter>
    </ClInclude>
    <ClInclude Include="src\common\salt_policy.hpp">
      <Filter>Encryption</Filter>
    </ClInclude>
    <ClInclude Include="src\common\world_config.hpp">
      <Filter>Configuration</Filter>
    </ClInclude>
    <ClInclude Include="src\common\log_config.hpp">
      <Filter>Configuration</Filter>
    </ClInclude>
    <ClInclude Include="src\common\db_config.hpp">
      <Filter>Configuration</Filter>
    </ClInclude>
    <ClInclude Include="src\common\inter_server_config.hpp">
      <Filter>Configuration</Filter>
    </ClInclude>
    <ClInclude Include="src\common\rates_config.hpp">
      <Filter>Configuration</Filter>
    </ClInclude>
    <ClInclude Include="src\common\major_boss_config.hpp">
      <Filter>Configuration</Filter>
    </ClInclude>
    <ClInclude Include="src\common\salt_config.hpp">
      <Filter>Configuration</Filter>
    </ClInclude>
    <ClInclude Include="src\common\lua_variant.hpp">
      <Filter>Scripting</Filter>
    </ClInclude>
    <ClInclude Include="src\common\lua_type.hpp">
      <Filter>Scripting</Filter>
    </ClInclude>
    <ClInclude Include="src\common\salting_config.hpp">
      <Filter>Configuration</Filter>
    </ClInclude>
    <ClInclude Include="src\common\salt_transformation_config.hpp">
      <Filter>Configuration</Filter>
    </ClInclude>
    <ClInclude Include="src\common\password_transformation_config.hpp">
      <Filter>Configuration</Filter>
    </ClInclude>
    <ClInclude Include="src\common\salt_size_config.hpp">
      <Filter>Configuration</Filter>
    </ClInclude>
    <ClInclude Include="src\common\salt_size_policy.hpp">
      <Filter>Encryption</Filter>
    </ClInclude>
    <ClInclude Include="src\common\map_position.hpp">
      <Filter>Data Structures</Filter>
    </ClInclude>
    <ClInclude Include="src\common\ratio_temp.hpp">
      <Filter>Data Structures\Geometry</Filter>
    </ClInclude>
    <ClInclude Include="src\common\thread_pool.hpp">
      <Filter>Utilities</Filter>
    </ClInclude>
    <ClInclude Include="src\common\server_type.hpp">
      <Filter>Connection</Filter>
    </ClInclude>
    <ClInclude Include="src\common\mcdb_version.hpp" />
    <ClInclude Include="src\common\maple_version.hpp" />
    <ClInclude Include="src\common\player_data.hpp">
      <Filter>Data Structures</Filter>
    </ClInclude>
    <ClInclude Include="src\common\party_data.hpp">
      <Filter>Data Structures</Filter>
    </ClInclude>
    <ClInclude Include="src\common\respawnable_temp.hpp">
      <Filter>Data Structures</Filter>
    </ClInclude>
    <ClInclude Include="src\common\guild_logo.hpp">
      <Filter>Data Structures</Filter>
    </ClInclude>
    <ClInclude Include="src\common\spawn_info.hpp">
      <Filter>Data Structures\Data Provider</Filter>
    </ClInclude>
    <ClInclude Include="src\common\seat_info.hpp">
      <Filter>Data Structures\Data Provider</Filter>
    </ClInclude>
    <ClInclude Include="src\common\portal_info.hpp">
      <Filter>Data Structures\Data Provider</Filter>
    </ClInclude>
    <ClInclude Include="src\common\foothold_info.hpp">
      <Filter>Data Structures\Data Provider</Filter>
    </ClInclude>
    <ClInclude Include="src\common\scroll_info.hpp">
      <Filter>Data Structures\Data Provider</Filter>
    </ClInclude>
    <ClInclude Include="src\common\skillbook_info.hpp">
      <Filter>Data Structures\Data Provider</Filter>
    </ClInclude>
    <ClInclude Include="src\common\summon_bag_info.hpp">
      <Filter>Data Structures\Data Provider</Filter>
    </ClInclude>
    <ClInclude Include="src\common\consume_info.hpp">
      <Filter>Data Structures\Data Provider</Filter>
    </ClInclude>
    <ClInclude Include="src\common\card_map_range_info.hpp">
      <Filter>Data Structures\Data Provider</Filter>
    </ClInclude>
    <ClInclude Include="src\common\item_info.hpp">
      <Filter>Data Structures\Data Provider</Filter>
    </ClInclude>
    <ClInclude Include="src\common\pet_info.hpp">
      <Filter>Data Structures\Data Provider</Filter>
    </ClInclude>
    <ClInclude Include="src\common\pet_interact_info.hpp">
      <Filter>Data Structures\Data Provider</Filter>
    </ClInclude>
    <ClInclude Include="src\common\item_reward_info.hpp">
      <Filter>Data Structures\Data Provider</Filter>
    </ClInclude>
    <ClInclude Include="src\common\drop_info.hpp">
      <Filter>Data Structures\Data Provider</Filter>
    </ClInclude>
    <ClInclude Include="src\common\global_drop_info.hpp">
      <Filter>Data Structures\Data Provider</Filter>
    </ClInclude>
    <ClInclude Include="src\common\equip_info.hpp">
      <Filter>Data Structures\Data Provider</Filter>
    </ClInclude>
    <ClInclude Include="src\common\mob_attack_info.hpp">
      <Filter>Data Structures\Data Provider</Filter>
    </ClInclude>
    <ClInclude Include="src\common\mob_attack_type.hpp">
      <Filter>Data Structures\Data Provider</Filter>
    </ClInclude>
    <ClInclude Include="src\common\mob_info.hpp">
      <Filter>Data Structures\Data Provider</Filter>
    </ClInclude>
    <ClInclude Include="src\common\mob_skill_info.hpp">
      <Filter>Data Structures\Data Provider</Filter>
    </ClInclude>
    <ClInclude Include="src\common\skill_level_info.hpp">
      <Filter>Data Structures\Data Provider</Filter>
    </ClInclude>
    <ClInclude Include="src\common\skill_type.hpp">
      <Filter>Data Structures\Data Provider</Filter>
    </ClInclude>
    <ClInclude Include="src\common\attack_data.hpp">
      <Filter>Data Structures</Filter>
    </ClInclude>
    <ClInclude Include="src\common\banish_field_info.hpp">
      <Filter>Data Structures\Data Provider</Filter>
    </ClInclude>
    <ClInclude Include="src\common\charge_or_stationary_skill_data.hpp">
      <Filter>Data Structures</Filter>
    </ClInclude>
    <ClInclude Include="src\common\mp_eater_data.hpp">
      <Filter>Data Structures</Filter>
    </ClInclude>
    <ClInclude Include="src\common\return_damage_data.hpp">
      <Filter>Data Structures</Filter>
    </ClInclude>
    <ClInclude Include="src\common\mob_skill_level_info.hpp">
      <Filter>Data Structures\Data Provider</Filter>
    </ClInclude>
    <ClInclude Include="src\common\morph_chance_info.hpp">
      <Filter>Data Structures\Data Provider</Filter>
    </ClInclude>
    <ClInclude Include="src\common\morph_info.hpp">
      <Filter>Data Structures\Data Provider</Filter>
    </ClInclude>
    <ClInclude Include="src\common\npc_info.hpp">
      <Filter>Data Structures\Data Provider</Filter>
    </ClInclude>
    <ClInclude Include="src\common\reactor_info.hpp">
      <Filter>Data Structures\Data Provider</Filter>
    </ClInclude>
    <ClInclude Include="src\common\reactor_state_info.hpp">
      <Filter>Data Structures\Data Provider</Filter>
    </ClInclude>
    <ClInclude Include="src\common\script_types.hpp">
      <Filter>Data Structures\Data Provider</Filter>
    </ClInclude>
    <ClInclude Include="src\common\shop_info.hpp">
      <Filter>Data Structures\Data Provider</Filter>
    </ClInclude>
    <ClInclude Include="src\common\shop_item_info.hpp">
      <Filter>Data Structures\Data Provider</Filter>
    </ClInclude>
    <ClInclude Include="src\common\valid_item_type.hpp">
      <Filter>Data Structures\Data Provider</Filter>
    </ClInclude>
    <ClInclude Include="src\common\valid_class_data.hpp">
      <Filter>Data Structures</Filter>
    </ClInclude>
    <ClInclude Include="src\common\valid_class_gender_data.hpp">
      <Filter>Data Structures</Filter>
    </ClInclude>
    <ClInclude Include="src\common\valid_look_data.hpp">
      <Filter>Data Structures</Filter>
    </ClInclude>
    <ClInclude Include="src\common\shop_data.hpp">
      <Filter>Data Structures</Filter>
    </ClInclude>
    <ClInclude Include="src\common\item_db_information.hpp">
      <Filter>Data Structures</Filter>
    </ClInclude>
    <ClInclude Include="src\common\item_db_record.hpp">
      <Filter>Data Structures</Filter>
    </ClInclude>
    <ClInclude Include="src\common\quest_reward_info.hpp">
      <Filter>Data Structures\Data Provider</Filter>
    </ClInclude>
    <ClInclude Include="src\common\quest_rewards_data.hpp">
      <Filter>Data Structures</Filter>
    </ClInclude>
    <ClInclude Include="src\common\quest_state_data.hpp">
      <Filter>Data Structures</Filter>
    </ClInclude>
    <ClInclude Include="src\common\quest_requests_data.hpp">
      <Filter>Data Structures</Filter>
    </ClInclude>
    <ClInclude Include="src\common\quest_request_info.hpp">
      <Filter>Data Structures\Data Provider</Filter>
    </ClInclude>
    <ClInclude Include="src\common\preprocessor_temp.hpp">
      <Filter>Lib</Filter>
    </ClInclude>
    <ClInclude Include="src\common\enum_base.hpp">
      <Filter>Lib</Filter>
    </ClInclude>
    <ClInclude Include="src\common\enum_utilities.hpp">
      <Filter>Utilities</Filter>
    </ClInclude>
    <ClInclude Include="src\common\connection_type.hpp">
      <Filter>Connection</Filter>
    </ClInclude>
    <ClInclude Include="src\common\encrypted_packet_transformer.hpp">
      <Filter>Encryption</Filter>
    </ClInclude>
    <ClInclude Include="src\common\block_cipher_iv.hpp">
      <Filter>Encryption</Filter>
    </ClInclude>
    <ClInclude Include="src\common\connection_listener.hpp">
      <Filter>Connection</Filter>
    </ClInclude>
    <ClInclude Include="src\common\connection_listener_config.hpp">
      <Filter>Connection</Filter>
    </ClInclude>
    <ClInclude Include="src\common\ping_config.hpp">
      <Filter>Configuration</Filter>
    </ClInclude>
    <ClInclude Include="src\common\packet_transformer.hpp">
      <Filter>Encryption</Filter>
    </ClInclude>
    <ClInclude Include="src\common\common_packet.hpp">
      <Filter>Packets</Filter>
    </ClInclude>
    <ClInclude Include="src\common\server_accepted_session.hpp">
      <Filter>Connection</Filter>
    </ClInclude>
    <ClInclude Include="src\common\packet_handler.hpp">
      <Filter>Connection</Filter>
    </ClInclude>
    <ClInclude Include="src\common\finalization_pool.hpp">
      <Filter>Utilities</Filter>
    </ClInclude>
  </ItemGroup>
</Project>