<?xml version="1.0" encoding="UTF-8" standalone="yes" ?>
<CodeBlocks_project_file>
	<FileVersion major="1" minor="6" />
	<Project>
		<Option title="LoginServer" />
		<Option pch_mode="2" />
		<Option compiler="gcc" />
		<Build>
			<Target title="Debug">
				<Option output="Debug/LoginServer" prefix_auto="1" extension_auto="1" />
				<Option object_output="Debug/obj/LoginServer" />
				<Option type="1" />
				<Option compiler="gcc" />
				<Compiler>
					<Add option="-W" />
					<Add option="-g" />
					<Add option="-O0" />
					<Add option="-include PrecompiledHeader.h" />
					<Add option="-D_DEBUG" />
					<Add option="-D_CONSOLE" />
					<Add directory="src/Common" />
					<Add directory="/usr/include/mysql" />
					<Add directory="/usr/include/mysql++" />
				</Compiler>
				<ResourceCompiler>
					<Add directory="src/Common" />
				</ResourceCompiler>
				<Linker>
					<Add library="mysqlclient" />
					<Add library="mysqlpp" />
					<Add library="boost_system-mt" />
					<Add library="boost_filesystem-mt" />
					<Add library="boost_thread-mt" />
					<Add library="common" />
					<Add library="lua" />
					<Add directory="Debug" />
				</Linker>
			</Target>
			<Target title="Release">
				<Option output="Release/LoginServer" prefix_auto="1" extension_auto="1" />
				<Option object_output="Release/obj/LoginServer" />
				<Option type="1" />
				<Option compiler="gcc" />
				<Compiler>
					<Add option="-O2" />
					<Add option="-W" />
					<Add option="-include PrecompiledHeader.h" />
					<Add option="-DNDEBUG" />
					<Add option="-D_CONSOLE" />
					<Add directory="src/Common" />
					<Add directory="/usr/include/mysql" />
					<Add directory="/usr/include/mysql++" />
				</Compiler>
				<ResourceCompiler>
					<Add directory="src/Common" />
				</ResourceCompiler>
				<Linker>
					<Add library="mysqlclient" />
					<Add library="mysqlpp" />
					<Add library="boost_system-mt" />
					<Add library="boost_filesystem-mt" />
					<Add library="boost_thread-mt" />
					<Add library="common" />
					<Add library="lua" />
					<Add directory="Release" />
				</Linker>
			</Target>
		</Build>
		<Unit filename="src/LoginServer/Characters.cpp" />
		<Unit filename="src/LoginServer/Characters.h" />
		<Unit filename="src/LoginServer/InitializeLogin.h" />
		<Unit filename="src/LoginServer/Login.cpp" />
		<Unit filename="src/LoginServer/Login.h" />
		<Unit filename="src/LoginServer/LoginPacket.cpp" />
		<Unit filename="src/LoginServer/LoginPacket.h" />
		<Unit filename="src/LoginServer/LoginPacketHelper.cpp" />
		<Unit filename="src/LoginServer/LoginPacketHelper.h" />
		<Unit filename="src/LoginServer/LoginServer.cpp" />
		<Unit filename="src/LoginServer/LoginServer.h" />
		<Unit filename="src/LoginServer/LoginServerAcceptHandler.cpp" />
		<Unit filename="src/LoginServer/LoginServerAcceptHandler.h" />
		<Unit filename="src/LoginServer/LoginServerAcceptPacket.cpp" />
		<Unit filename="src/LoginServer/LoginServerAcceptPacket.h" />
		<Unit filename="src/LoginServer/LoginServerAcceptPlayer.cpp" />
		<Unit filename="src/LoginServer/LoginServerAcceptPlayer.h" />
		<Unit filename="src/LoginServer/PlayerLogin.cpp" />
		<Unit filename="src/LoginServer/PlayerLogin.h" />
		<Unit filename="src/LoginServer/PrecompiledHeader.cpp" />
		<Unit filename="src/LoginServer/PrecompiledHeader.h">
			<Option compile="1" />
			<Option weight="0" />
		</Unit>
		<Unit filename="src/LoginServer/RankingCalculator.cpp" />
		<Unit filename="src/LoginServer/RankingCalculator.h" />
		<Unit filename="src/LoginServer/Worlds.cpp" />
		<Unit filename="src/LoginServer/Worlds.h" />
		<Unit filename="src/LoginServer/main_login.cpp" />
		<Extensions>
			<envvars />
			<code_completion />
			<debugger />
			<lib_finder disable_auto="1" />
		</Extensions>
	</Project>
</CodeBlocks_project_file>
