<?xml version="1.0" encoding="utf-8"?>
<Project ToolsVersion="4.0" xmlns="http://schemas.microsoft.com/developer/msbuild/2003">
  <ItemGroup>
    <Filter Include="Inter-Server">
      <UniqueIdentifier>{beaba7ce-6b55-4024-bbec-f2e518c82908}</UniqueIdentifier>
    </Filter>
    <Filter Include="Inter-Server\Channel/World">
      <UniqueIdentifier>{4063f10a-76f5-4532-af40-7c5083d14053}</UniqueIdentifier>
    </Filter>
    <Filter Include="Inter-Server\Sync">
      <UniqueIdentifier>{365d5af5-00ec-4c07-a7d8-61216e2d91d5}</UniqueIdentifier>
    </Filter>
    <Filter Include="LoginServer">
      <UniqueIdentifier>{715533c6-c5a1-4b19-8e5c-d607947f8451}</UniqueIdentifier>
    </Filter>
    <Filter Include="Packets">
      <UniqueIdentifier>{87f933d4-af45-42ea-91de-b989fb659acb}</UniqueIdentifier>
    </Filter>
    <Filter Include="Packets\Helpers">
      <UniqueIdentifier>{ba56c2d1-7078-401f-9d22-b0b48b3f367b}</UniqueIdentifier>
    </Filter>
    <Filter Include="Packets\Headers">
      <UniqueIdentifier>{31fcc79f-21c7-45e8-9771-be06d60c5751}</UniqueIdentifier>
    </Filter>
  </ItemGroup>
  <ItemGroup>
    <ClCompile Include="src\login_server\Characters.cpp">
      <Filter>LoginServer</Filter>
    </ClCompile>
    <ClCompile Include="src\login_server\Login.cpp">
      <Filter>LoginServer</Filter>
    </ClCompile>
    <ClCompile Include="src\login_server\RankingCalculator.cpp">
      <Filter>LoginServer</Filter>
    </ClCompile>
    <ClCompile Include="src\login_server\Worlds.cpp">
      <Filter>LoginServer</Filter>
    </ClCompile>
    <ClCompile Include="src\login_server\LoginPacket.cpp">
      <Filter>Packets</Filter>
    </ClCompile>
    <ClCompile Include="src\login_server\LoginPacketHelper.cpp">
      <Filter>Packets\Helpers</Filter>
    </ClCompile>
    <ClCompile Include="src\login_server\World.cpp">
      <Filter>LoginServer</Filter>
    </ClCompile>
    <ClCompile Include="src\login_server\main_login.cpp" />
    <ClCompile Include="src\login_server\LoginServerAcceptPacket.cpp">
      <Filter>Inter-Server\Channel/World</Filter>
    </ClCompile>
    <ClCompile Include="src\login_server\LoginServerAcceptHandler.cpp">
      <Filter>Inter-Server\Channel/World</Filter>
    </ClCompile>
    <ClCompile Include="src\login_server\SyncPacket.cpp">
      <Filter>Inter-Server\Sync</Filter>
    </ClCompile>
    <ClCompile Include="src\login_server\LoginServer.cpp" />
    <ClCompile Include="src\login_server\PrecompiledHeader.cpp" />
    <ClCompile Include="src\login_server\User.cpp">
      <Filter>LoginServer</Filter>
    </ClCompile>
    <ClCompile Include="src\login_server\LoginServerAcceptedSession.cpp">
      <Filter>Inter-Server\Channel/World</Filter>
    </ClCompile>
  </ItemGroup>
  <ItemGroup>
    <ClInclude Include="src\login_server\Channel.hpp">
      <Filter>LoginServer</Filter>
    </ClInclude>
    <ClInclude Include="src\login_server\Worlds.hpp">
      <Filter>LoginServer</Filter>
    </ClInclude>
    <ClInclude Include="src\login_server\Characters.hpp">
      <Filter>LoginServer</Filter>
    </ClInclude>
    <ClInclude Include="src\login_server\Login.hpp">
      <Filter>LoginServer</Filter>
    </ClInclude>
    <ClInclude Include="src\login_server\PlayerStatus.hpp">
      <Filter>LoginServer</Filter>
    </ClInclude>
    <ClInclude Include="src\login_server\RankingCalculator.hpp">
      <Filter>LoginServer</Filter>
    </ClInclude>
    <ClInclude Include="src\login_server\World.hpp">
      <Filter>LoginServer</Filter>
    </ClInclude>
    <ClInclude Include="src\login_server\LoginPacketHelper.hpp">
      <Filter>Packets\Helpers</Filter>
    </ClInclude>
    <ClInclude Include="src\login_server\LoginPacket.hpp">
      <Filter>Packets</Filter>
    </ClInclude>
    <ClInclude Include="src\login_server\LoginServerAcceptHandler.hpp">
      <Filter>Inter-Server\Channel/World</Filter>
    </ClInclude>
    <ClInclude Include="src\login_server\LoginServerAcceptPacket.hpp">
      <Filter>Inter-Server\Channel/World</Filter>
    </ClInclude>
    <ClInclude Include="src\login_server\SyncPacket.hpp">
      <Filter>Inter-Server\Sync</Filter>
    </ClInclude>
    <ClInclude Include="src\login_server\PrecompiledHeader.hpp" />
    <ClInclude Include="src\login_server\LoginServer.hpp" />
    <ClInclude Include="src\login_server\CmsgHeader.hpp">
      <Filter>Packets\Headers</Filter>
    </ClInclude>
    <ClInclude Include="src\login_server\SmsgHeader.hpp">
      <Filter>Packets\Headers</Filter>
    </ClInclude>
    <ClInclude Include="src\login_server\User.hpp">
      <Filter>LoginServer</Filter>
    </ClInclude>
    <ClInclude Include="src\login_server\LoginServerAcceptedSession.hpp">
      <Filter>Inter-Server\Channel/World</Filter>
    </ClInclude>
  </ItemGroup>
</Project>