
Microsoft Visual Studio Solution File, Format Version 10.00
# Visual C++ Express 2008
Project("{8BC9CEB8-8B4A-11D0-8D11-00A0C91BC942}") = "MapleStoryServer", "MapleStoryServer\MapleStoryServer.vcproj", "{F07865A8-3A41-48D8-809C-056CC906A50B}"
	ProjectSection(ProjectDependencies) = postProject
		{EB7C3F7E-810A-4A21-B58F-D1E0A3C7CF0D} = {EB7C3F7E-810A-4A21-B58F-D1E0A3C7CF0D}
		{20BDE2C9-A4F8-4AED-843E-A9523990A201} = {20BDE2C9-A4F8-4AED-843E-A9523990A201}
	EndProjectSection
EndProject
Project("{8BC9CEB8-8B4A-11D0-8D11-00A0C91BC942}") = "Connection", "Connection\Connection.vcproj", "{EB7C3F7E-810A-4A21-B58F-D1E0A3C7CF0D}"
	ProjectSection(ProjectDependencies) = postProject
		{20BDE2C9-A4F8-4AED-843E-A9523990A201} = {20BDE2C9-A4F8-4AED-843E-A9523990A201}
	EndProjectSection
EndProject
Project("{8BC9CEB8-8B4A-11D0-8D11-00A0C91BC942}") = "Decoder", "Decoder\Decoder.vcproj", "{20BDE2C9-A4F8-4AED-843E-A9523990A201}"
EndProject
Global
	GlobalSection(SolutionConfigurationPlatforms) = preSolution
		Debug|Win32 = Debug|Win32
		Release|Win32 = Release|Win32
	EndGlobalSection
	GlobalSection(ProjectConfigurationPlatforms) = postSolution
		{F07865A8-3A41-48D8-809C-056CC906A50B}.Debug|Win32.ActiveCfg = Debug|Win32
		{F07865A8-3A41-48D8-809C-056CC906A50B}.Debug|Win32.Build.0 = Debug|Win32
		{F07865A8-3A41-48D8-809C-056CC906A50B}.Release|Win32.ActiveCfg = Release|Win32
		{F07865A8-3A41-48D8-809C-056CC906A50B}.Release|Win32.Build.0 = Release|Win32
		{EB7C3F7E-810A-4A21-B58F-D1E0A3C7CF0D}.Debug|Win32.ActiveCfg = Debug|Win32
		{EB7C3F7E-810A-4A21-B58F-D1E0A3C7CF0D}.Debug|Win32.Build.0 = Debug|Win32
		{EB7C3F7E-810A-4A21-B58F-D1E0A3C7CF0D}.Release|Win32.ActiveCfg = Release|Win32
		{EB7C3F7E-810A-4A21-B58F-D1E0A3C7CF0D}.Release|Win32.Build.0 = Release|Win32
		{20BDE2C9-A4F8-4AED-843E-A9523990A201}.Debug|Win32.ActiveCfg = Debug|Win32
		{20BDE2C9-A4F8-4AED-843E-A9523990A201}.Debug|Win32.Build.0 = Debug|Win32
		{20BDE2C9-A4F8-4AED-843E-A9523990A201}.Release|Win32.ActiveCfg = Release|Win32
		{20BDE2C9-A4F8-4AED-843E-A9523990A201}.Release|Win32.Build.0 = Release|Win32
	EndGlobalSection
	GlobalSection(SolutionProperties) = preSolution
		HideSolutionNode = FALSE
	EndGlobalSection
EndGlobal
