
Microsoft Visual Studio Solution File, Format Version 10.00
# Visual Studio 2008
Project("{8BC9CEB8-8B4A-11D0-8D11-00A0C91BC942}") = "MapleStoryServer", "MapleStoryServer\MapleStoryServer.vcproj", "{F07865A8-3A41-48D8-809C-056CC906A50B}"
EndProject
Global
	GlobalSection(SolutionConfigurationPlatforms) = preSolution
		Debug|Win32 = Debug|Win32
		Release|Win32 = Release|Win32
	EndGlobalSection
	GlobalSection(ProjectConfigurationPlatforms) = postSolution
		{F07865A8-3A41-48D8-809C-056CC906A50B}.Debug|Win32.ActiveCfg = Debug|Win32
		{F07865A8-3A41-48D8-809C-056CC906A50B}.Debug|Win32.Build.0 = Debug|Win32
		{F07865A8-3A41-48D8-809C-056CC906A50B}.Release|Win32.ActiveCfg = Release|Win32
		{F07865A8-3A41-48D8-809C-056CC906A50B}.Release|Win32.Build.0 = Release|Win32
	EndGlobalSection
	GlobalSection(SolutionProperties) = preSolution
		HideSolutionNode = FALSE
	EndGlobalSection
EndGlobal
