
Microsoft Visual Studio Solution File, Format Version 11.00
# Visual Studio 2010
Project("{8BC9CEB8-8B4A-11D0-8D11-00A0C91BC942}") = "ChannelServer", "ChannelServer.vcxproj", "{F07865A8-3A41-48D8-809C-056CC906A50B}"
EndProject
Project("{8BC9CEB8-8B4A-11D0-8D11-00A0C91BC942}") = "LoginServer", "LoginServer.vcxproj", "{B7FA2720-4A56-49D7-986E-FF358C398C72}"
EndProject
Project("{8BC9CEB8-8B4A-11D0-8D11-00A0C91BC942}") = "WorldServer", "WorldServer.vcxproj", "{045746E8-6588-437D-B8F7-5B5E9E42B9EF}"
EndProject
Project("{8BC9CEB8-8B4A-11D0-8D11-00A0C91BC942}") = "Common", "Common.vcxproj", "{CFFE2EE8-4188-4E42-B76C-8005041C2877}"
EndProject
Project("{8BC9CEB8-8B4A-11D0-8D11-00A0C91BC942}") = "CashServer", "CashServer.vcxproj", "{7DC4A971-62A0-4FCD-ADB3-653F21CACFF4}"
	ProjectSection(ProjectDependencies) = postProject
		{CFFE2EE8-4188-4E42-B76C-8005041C2877} = {CFFE2EE8-4188-4E42-B76C-8005041C2877}
	EndProjectSection
EndProject
Global
	GlobalSection(SolutionConfigurationPlatforms) = preSolution
		Debug|Win32 = Debug|Win32
		Release|Win32 = Release|Win32
	EndGlobalSection
	GlobalSection(ProjectConfigurationPlatforms) = postSolution
		{F07865A8-3A41-48D8-809C-056CC906A50B}.Debug|Win32.ActiveCfg = Debug|Win32
		{F07865A8-3A41-48D8-809C-056CC906A50B}.Debug|Win32.Build.0 = Debug|Win32
		{F07865A8-3A41-48D8-809C-056CC906A50B}.Release|Win32.ActiveCfg = Release|Win32
		{F07865A8-3A41-48D8-809C-056CC906A50B}.Release|Win32.Build.0 = Release|Win32
		{B7FA2720-4A56-49D7-986E-FF358C398C72}.Debug|Win32.ActiveCfg = Debug|Win32
		{B7FA2720-4A56-49D7-986E-FF358C398C72}.Debug|Win32.Build.0 = Debug|Win32
		{B7FA2720-4A56-49D7-986E-FF358C398C72}.Release|Win32.ActiveCfg = Release|Win32
		{B7FA2720-4A56-49D7-986E-FF358C398C72}.Release|Win32.Build.0 = Release|Win32
		{045746E8-6588-437D-B8F7-5B5E9E42B9EF}.Debug|Win32.ActiveCfg = Debug|Win32
		{045746E8-6588-437D-B8F7-5B5E9E42B9EF}.Debug|Win32.Build.0 = Debug|Win32
		{045746E8-6588-437D-B8F7-5B5E9E42B9EF}.Release|Win32.ActiveCfg = Release|Win32
		{045746E8-6588-437D-B8F7-5B5E9E42B9EF}.Release|Win32.Build.0 = Release|Win32
		{CFFE2EE8-4188-4E42-B76C-8005041C2877}.Debug|Win32.ActiveCfg = Debug|Win32
		{CFFE2EE8-4188-4E42-B76C-8005041C2877}.Debug|Win32.Build.0 = Debug|Win32
		{CFFE2EE8-4188-4E42-B76C-8005041C2877}.Release|Win32.ActiveCfg = Release|Win32
		{CFFE2EE8-4188-4E42-B76C-8005041C2877}.Release|Win32.Build.0 = Release|Win32
		{7DC4A971-62A0-4FCD-ADB3-653F21CACFF4}.Debug|Win32.ActiveCfg = Debug|Win32
		{7DC4A971-62A0-4FCD-ADB3-653F21CACFF4}.Debug|Win32.Build.0 = Debug|Win32
		{7DC4A971-62A0-4FCD-ADB3-653F21CACFF4}.Release|Win32.ActiveCfg = Release|Win32
		{7DC4A971-62A0-4FCD-ADB3-653F21CACFF4}.Release|Win32.Build.0 = Release|Win32
	EndGlobalSection
	GlobalSection(SolutionProperties) = preSolution
		HideSolutionNode = FALSE
	EndGlobalSection
EndGlobal
