<?xml version="1.0" encoding="UTF-8" standalone="yes" ?>
<CodeBlocks_project_file>
	<FileVersion major="1" minor="6" />
	<Project>
		<Option title="WorldServer" />
		<Option pch_mode="2" />
		<Option compiler="gcc" />
		<Build>
			<Target title="Debug">
				<Option output="Debug/WorldServer" prefix_auto="1" extension_auto="1" />
				<Option object_output="Debug/obj/WorldServer" />
				<Option type="1" />
				<Option compiler="gcc" />
				<Compiler>
					<Add option="-W" />
					<Add option="-g" />
					<Add option="-O0" />
					<Add option="-include PrecompiledHeader.h" />
					<Add option="-D_DEBUG" />
					<Add option="-D_CONSOLE" />
					<Add directory="src/Common" />
				</Compiler>
				<ResourceCompiler>
					<Add directory="src/Common" />
				</ResourceCompiler>
				<Linker>
					<Add library="common" />
					<Add library="lua" />
					<Add library="boost_system-mt" />
					<Add library="boost_thread-mt" />
					<Add directory="Debug" />
				</Linker>
			</Target>
			<Target title="Release">
				<Option output="Release/WorldServer" prefix_auto="1" extension_auto="1" />
				<Option object_output="Release/obj/WorldServer" />
				<Option type="1" />
				<Option compiler="gcc" />
				<Compiler>
					<Add option="-O2" />
					<Add option="-W" />
					<Add option="-include PrecompiledHeader.h" />
					<Add option="-DNDEBUG" />
					<Add option="-D_CONSOLE" />
					<Add directory="src/Common" />
				</Compiler>
				<ResourceCompiler>
					<Add directory="src/Common" />
				</ResourceCompiler>
				<Linker>
					<Add library="common" />
					<Add library="lua" />
					<Add library="boost_system-mt" />
					<Add library="boost_thread-mt" />
					<Add directory="Release" />
				</Linker>
			</Target>
		</Build>
		<Unit filename="src/WorldServer/Channels.cpp" />
		<Unit filename="src/WorldServer/Channels.h" />
		<Unit filename="src/WorldServer/LoginServerConnectHandler.cpp" />
		<Unit filename="src/WorldServer/LoginServerConnectHandler.h" />
		<Unit filename="src/WorldServer/LoginServerConnectPacket.cpp" />
		<Unit filename="src/WorldServer/LoginServerConnectPacket.h" />
		<Unit filename="src/WorldServer/LoginServerConnectPlayer.cpp" />
		<Unit filename="src/WorldServer/LoginServerConnectPlayer.h" />
		<Unit filename="src/WorldServer/PartyHandler.cpp" />
		<Unit filename="src/WorldServer/PartyHandler.h" />
		<Unit filename="src/WorldServer/PartyPacket.cpp" />
		<Unit filename="src/WorldServer/PartyPacket.h" />
		<Unit filename="src/WorldServer/Players.cpp" />
		<Unit filename="src/WorldServer/Players.h" />
		<Unit filename="src/WorldServer/PrecompiledHeader.cpp" />
		<Unit filename="src/WorldServer/PrecompiledHeader.h">
			<Option compile="1" />
			<Option weight="0" />
		</Unit>
		<Unit filename="src/WorldServer/WorldServer.cpp" />
		<Unit filename="src/WorldServer/WorldServer.h" />
		<Unit filename="src/WorldServer/WorldServerAcceptHandler.cpp" />
		<Unit filename="src/WorldServer/WorldServerAcceptHandler.h" />
		<Unit filename="src/WorldServer/WorldServerAcceptPacket.cpp" />
		<Unit filename="src/WorldServer/WorldServerAcceptPacket.h" />
		<Unit filename="src/WorldServer/WorldServerAcceptPlayer.cpp" />
		<Unit filename="src/WorldServer/WorldServerAcceptPlayer.h" />
		<Unit filename="src/WorldServer/main_world.cpp" />
		<Extensions>
			<envvars />
			<code_completion />
			<debugger />
			<lib_finder disable_auto="1" />
		</Extensions>
	</Project>
</CodeBlocks_project_file>
