<?xml version="1.0" encoding="utf-8"?>
<Project ToolsVersion="4.0" xmlns="http://schemas.microsoft.com/developer/msbuild/2003">
  <ItemGroup>
    <Filter Include="Source Files">
      <UniqueIdentifier>{4FC737F1-C7A5-4376-A066-2A32D752A2FF}</UniqueIdentifier>
      <Extensions>cpp;c;cc;cxx;def;odl;idl;hpj;bat;asm;asmx</Extensions>
    </Filter>
    <Filter Include="Source Files\WorldServer">
      <UniqueIdentifier>{3a0571c7-1a41-4ee6-997e-fcff9d942c73}</UniqueIdentifier>
    </Filter>
    <Filter Include="Source Files\Inter-Server">
      <UniqueIdentifier>{4ea1d126-9ae0-46e8-b16c-83f461a1515f}</UniqueIdentifier>
    </Filter>
    <Filter Include="Source Files\Inter-Server\Handlers">
      <UniqueIdentifier>{a7bfad1d-c9a1-40fc-8a36-d98a81c60a87}</UniqueIdentifier>
    </Filter>
    <Filter Include="Header Files">
      <UniqueIdentifier>{93995380-89BD-4b04-88EB-625FBE52EBFB}</UniqueIdentifier>
      <Extensions>h;hpp;hxx;hm;inl;inc;xsd</Extensions>
    </Filter>
    <Filter Include="Header Files\WorldServer">
      <UniqueIdentifier>{2662e0ae-4fa7-4a58-9010-c17b8f3d1706}</UniqueIdentifier>
    </Filter>
    <Filter Include="Header Files\Inter-Server">
      <UniqueIdentifier>{04914cc8-09d7-4803-b4ad-fe82c65fa54f}</UniqueIdentifier>
    </Filter>
    <Filter Include="Header Files\Inter-Server\Handlers">
      <UniqueIdentifier>{d18ff3b3-3148-4d4d-8772-c287e83e536c}</UniqueIdentifier>
    </Filter>
  </ItemGroup>
  <ItemGroup>
    <ClCompile Include="src\WorldServer\main_world.cpp">
      <Filter>Source Files</Filter>
    </ClCompile>
    <ClCompile Include="src\WorldServer\PrecompiledHeader.cpp">
      <Filter>Source Files</Filter>
    </ClCompile>
    <ClCompile Include="src\WorldServer\ChannelChangeRequests.cpp">
      <Filter>Source Files\WorldServer</Filter>
    </ClCompile>
    <ClCompile Include="src\WorldServer\Channels.cpp">
      <Filter>Source Files\WorldServer</Filter>
    </ClCompile>
    <ClCompile Include="src\WorldServer\Parties.cpp">
      <Filter>Source Files\WorldServer</Filter>
    </ClCompile>
    <ClCompile Include="src\WorldServer\Players.cpp">
      <Filter>Source Files\WorldServer</Filter>
    </ClCompile>
    <ClCompile Include="src\WorldServer\WorldServer.cpp">
      <Filter>Source Files\WorldServer</Filter>
    </ClCompile>
    <ClCompile Include="src\WorldServer\LoginServerConnection.cpp">
      <Filter>Source Files\Inter-Server</Filter>
    </ClCompile>
    <ClCompile Include="src\WorldServer\LoginServerConnectPacket.cpp">
      <Filter>Source Files\Inter-Server</Filter>
    </ClCompile>
    <ClCompile Include="src\WorldServer\PartyPacket.cpp">
      <Filter>Source Files\Inter-Server</Filter>
    </ClCompile>
    <ClCompile Include="src\WorldServer\WorldServerAcceptConnection.cpp">
      <Filter>Source Files\Inter-Server</Filter>
    </ClCompile>
    <ClCompile Include="src\WorldServer\WorldServerAcceptPacket.cpp">
      <Filter>Source Files\Inter-Server</Filter>
    </ClCompile>
    <ClCompile Include="src\WorldServer\LoginServerConnectHandler.cpp">
      <Filter>Source Files\Inter-Server\Handlers</Filter>
    </ClCompile>
    <ClCompile Include="src\WorldServer\PartyHandler.cpp">
      <Filter>Source Files\Inter-Server\Handlers</Filter>
    </ClCompile>
    <ClCompile Include="src\WorldServer\WorldServerAcceptHandler.cpp">
      <Filter>Source Files\Inter-Server\Handlers</Filter>
    </ClCompile>
  </ItemGroup>
  <ItemGroup>
    <ClInclude Include="src\WorldServer\PrecompiledHeader.h">
      <Filter>Header Files</Filter>
    </ClInclude>
    <ClInclude Include="src\WorldServer\ChannelChangeRequests.h">
      <Filter>Header Files\WorldServer</Filter>
    </ClInclude>
    <ClInclude Include="src\WorldServer\Channels.h">
      <Filter>Header Files\WorldServer</Filter>
    </ClInclude>
    <ClInclude Include="src\WorldServer\Parties.h">
      <Filter>Header Files\WorldServer</Filter>
    </ClInclude>
    <ClInclude Include="src\WorldServer\Players.h">
      <Filter>Header Files\WorldServer</Filter>
    </ClInclude>
    <ClInclude Include="src\WorldServer\WorldServer.h">
      <Filter>Header Files\WorldServer</Filter>
    </ClInclude>
    <ClInclude Include="src\WorldServer\LoginServerConnection.h">
      <Filter>Header Files\Inter-Server</Filter>
    </ClInclude>
    <ClInclude Include="src\WorldServer\LoginServerConnectPacket.h">
      <Filter>Header Files\Inter-Server</Filter>
    </ClInclude>
    <ClInclude Include="src\WorldServer\PartyPacket.h">
      <Filter>Header Files\Inter-Server</Filter>
    </ClInclude>
    <ClInclude Include="src\WorldServer\WorldServerAcceptConnection.h">
      <Filter>Header Files\Inter-Server</Filter>
    </ClInclude>
    <ClInclude Include="src\WorldServer\WorldServerAcceptPacket.h">
      <Filter>Header Files\Inter-Server</Filter>
    </ClInclude>
    <ClInclude Include="src\WorldServer\LoginServerConnectHandler.h">
      <Filter>Header Files\Inter-Server\Handlers</Filter>
    </ClInclude>
    <ClInclude Include="src\WorldServer\PartyHandler.h">
      <Filter>Header Files\Inter-Server\Handlers</Filter>
    </ClInclude>
    <ClInclude Include="src\WorldServer\WorldServerAcceptHandler.h">
      <Filter>Header Files\Inter-Server\Handlers</Filter>
    </ClInclude>
  </ItemGroup>
</Project>